// !$*UTF8*$!
{
	archiveVersion = 1;
	classes = {
	};
	objectVersion = 46;
	objects = {

/* Begin PBXBuildFile section */
		74E1267915FA0FD60080284B /* Cocoa.framework in Frameworks */ = {isa = PBXBuildFile; fileRef = 74E1267815FA0FD60080284B /* Cocoa.framework */; };
		74E1268315FA0FD60080284B /* InfoPlist.strings in Resources */ = {isa = PBXBuildFile; fileRef = 74E1268115FA0FD60080284B /* InfoPlist.strings */; };
		74E1268515FA0FD60080284B /* main.m in Sources */ = {isa = PBXBuildFile; fileRef = 74E1268415FA0FD60080284B /* main.m */; };
		74E1268915FA0FD60080284B /* Credits.rtf in Resources */ = {isa = PBXBuildFile; fileRef = 74E1268715FA0FD60080284B /* Credits.rtf */; };
		74E1268C15FA0FD60080284B /* DKAppDelegate.m in Sources */ = {isa = PBXBuildFile; fileRef = 74E1268B15FA0FD60080284B /* DKAppDelegate.m */; };
		74E1268F15FA0FD60080284B /* MainMenu.xib in Resources */ = {isa = PBXBuildFile; fileRef = 74E1268D15FA0FD60080284B /* MainMenu.xib */; };
		74E1269715FA13F80080284B /* DKModel.m in Sources */ = {isa = PBXBuildFile; fileRef = 74E1269615FA13F80080284B /* DKModel.m */; };
/* End PBXBuildFile section */

/* Begin PBXFileReference section */
		74E1267415FA0FD60080284B /* NSLogKiller.app */ = {isa = PBXFileReference; explicitFileType = wrapper.application; includeInIndex = 0; path = NSLogKiller.app; sourceTree = BUILT_PRODUCTS_DIR; };
		74E1267815FA0FD60080284B /* Cocoa.framework */ = {isa = PBXFileReference; lastKnownFileType = wrapper.framework; name = Cocoa.framework; path = System/Library/Frameworks/Cocoa.framework; sourceTree = SDKROOT; };
		74E1267B15FA0FD60080284B /* AppKit.framework */ = {isa = PBXFileReference; lastKnownFileType = wrapper.framework; name = AppKit.framework; path = System/Library/Frameworks/AppKit.framework; sourceTree = SDKROOT; };
		74E1267C15FA0FD60080284B /* CoreData.framework */ = {isa = PBXFileReference; lastKnownFileType = wrapper.framework; name = CoreData.framework; path = System/Library/Frameworks/CoreData.framework; sourceTree = SDKROOT; };
		74E1267D15FA0FD60080284B /* Foundation.framework */ = {isa = PBXFileReference; lastKnownFileType = wrapper.framework; name = Foundation.framework; path = System/Library/Frameworks/Foundation.framework; sourceTree = SDKROOT; };
		74E1268015FA0FD60080284B /* NSLogKiller-Info.plist */ = {isa = PBXFileReference; lastKnownFileType = text.plist.xml; path = "NSLogKiller-Info.plist"; sourceTree = "<group>"; };
		74E1268215FA0FD60080284B /* en */ = {isa = PBXFileReference; lastKnownFileType = text.plist.strings; name = en; path = en.lproj/InfoPlist.strings; sourceTree = "<group>"; };
		74E1268415FA0FD60080284B /* main.m */ = {isa = PBXFileReference; lastKnownFileType = sourcecode.c.objc; path = main.m; sourceTree = "<group>"; };
		74E1268615FA0FD60080284B /* NSLogKiller-Prefix.pch */ = {isa = PBXFileReference; lastKnownFileType = sourcecode.c.h; path = "NSLogKiller-Prefix.pch"; sourceTree = "<group>"; };
		74E1268815FA0FD60080284B /* en */ = {isa = PBXFileReference; lastKnownFileType = text.rtf; name = en; path = en.lproj/Credits.rtf; sourceTree = "<group>"; };
		74E1268A15FA0FD60080284B /* DKAppDelegate.h */ = {isa = PBXFileReference; lastKnownFileType = sourcecode.c.h; path = DKAppDelegate.h; sourceTree = "<group>"; };
		74E1268B15FA0FD60080284B /* DKAppDelegate.m */ = {isa = PBXFileReference; lastKnownFileType = sourcecode.c.objc; path = DKAppDelegate.m; sourceTree = "<group>"; };
		74E1268E15FA0FD60080284B /* en */ = {isa = PBXFileReference; lastKnownFileType = file.xib; name = en; path = en.lproj/MainMenu.xib; sourceTree = "<group>"; };
		74E1269515FA13F80080284B /* DKModel.h */ = {isa = PBXFileReference; fileEncoding = 4; lastKnownFileType = sourcecode.c.h; path = DKModel.h; sourceTree = "<group>"; };
		74E1269615FA13F80080284B /* DKModel.m */ = {isa = PBXFileReference; fileEncoding = 4; lastKnownFileType = sourcecode.c.objc; path = DKModel.m; sourceTree = "<group>"; };
/* End PBXFileReference section */

/* Begin PBXFrameworksBuildPhase section */
		74E1267115FA0FD60080284B /* Frameworks */ = {
			isa = PBXFrameworksBuildPhase;
			buildActionMask = 2147483647;
			files = (
				74E1267915FA0FD60080284B /* Cocoa.framework in Frameworks */,
			);
			runOnlyForDeploymentPostprocessing = 0;
		};
/* End PBXFrameworksBuildPhase section */

/* Begin PBXGroup section */
		74E1266915FA0FD60080284B = {
			isa = PBXGroup;
			children = (
				74E1267E15FA0FD60080284B /* NSLogKiller */,
				74E1267715FA0FD60080284B /* Frameworks */,
				74E1267515FA0FD60080284B /* Products */,
			);
			sourceTree = "<group>";
		};
		74E1267515FA0FD60080284B /* Products */ = {
			isa = PBXGroup;
			children = (
				74E1267415FA0FD60080284B /* NSLogKiller.app */,
			);
			name = Products;
			sourceTree = "<group>";
		};
		74E1267715FA0FD60080284B /* Frameworks */ = {
			isa = PBXGroup;
			children = (
				74E1267815FA0FD60080284B /* Cocoa.framework */,
				74E1267A15FA0FD60080284B /* Other Frameworks */,
			);
			name = Frameworks;
			sourceTree = "<group>";
		};
		74E1267A15FA0FD60080284B /* Other Frameworks */ = {
			isa = PBXGroup;
			children = (
				74E1267B15FA0FD60080284B /* AppKit.framework */,
				74E1267C15FA0FD60080284B /* CoreData.framework */,
				74E1267D15FA0FD60080284B /* Foundation.framework */,
			);
			name = "Other Frameworks";
			sourceTree = "<group>";
		};
		74E1267E15FA0FD60080284B /* NSLogKiller */ = {
			isa = PBXGroup;
			children = (
				74E1268A15FA0FD60080284B /* DKAppDelegate.h */,
				74E1268B15FA0FD60080284B /* DKAppDelegate.m */,
				74E1268D15FA0FD60080284B /* MainMenu.xib */,
				74E1267F15FA0FD60080284B /* Supporting Files */,
				74E1269515FA13F80080284B /* DKModel.h */,
				74E1269615FA13F80080284B /* DKModel.m */,
			);
			path = NSLogKiller;
			sourceTree = "<group>";
		};
		74E1267F15FA0FD60080284B /* Supporting Files */ = {
			isa = PBXGroup;
			children = (
				74E1268015FA0FD60080284B /* NSLogKiller-Info.plist */,
				74E1268115FA0FD60080284B /* InfoPlist.strings */,
				74E1268415FA0FD60080284B /* main.m */,
				74E1268615FA0FD60080284B /* NSLogKiller-Prefix.pch */,
				74E1268715FA0FD60080284B /* Credits.rtf */,
			);
			name = "Supporting Files";
			sourceTree = "<group>";
		};
/* End PBXGroup section */

/* Begin PBXNativeTarget section */
		74E1267315FA0FD60080284B /* NSLogKiller */ = {
			isa = PBXNativeTarget;
			buildConfigurationList = 74E1269215FA0FD60080284B /* Build configuration list for PBXNativeTarget "NSLogKiller" */;
			buildPhases = (
				74E1267015FA0FD60080284B /* Sources */,
				74E1267115FA0FD60080284B /* Frameworks */,
				74E1267215FA0FD60080284B /* Resources */,
			);
			buildRules = (
			);
			dependencies = (
			);
			name = NSLogKiller;
			productName = NSLogKiller;
			productReference = 74E1267415FA0FD60080284B /* NSLogKiller.app */;
			productType = "com.apple.product-type.application";
		};
/* End PBXNativeTarget section */

/* Begin PBXProject section */
		74E1266B15FA0FD60080284B /* Project object */ = {
			isa = PBXProject;
			attributes = {
				CLASSPREFIX = DK;
				LastUpgradeCheck = 0450;
				ORGANIZATIONNAME = DaemonConstruction;
			};
			buildConfigurationList = 74E1266E15FA0FD60080284B /* Build configuration list for PBXProject "NSLogKiller" */;
			compatibilityVersion = "Xcode 3.2";
			developmentRegion = English;
			hasScannedForEncodings = 0;
			knownRegions = (
				en,
			);
			mainGroup = 74E1266915FA0FD60080284B;
			productRefGroup = 74E1267515FA0FD60080284B /* Products */;
			projectDirPath = "";
			projectRoot = "";
			targets = (
				74E1267315FA0FD60080284B /* NSLogKiller */,
			);
		};
/* End PBXProject section */

/* Begin PBXResourcesBuildPhase section */
		74E1267215FA0FD60080284B /* Resources */ = {
			isa = PBXResourcesBuildPhase;
			buildActionMask = 2147483647;
			files = (
				74E1268315FA0FD60080284B /* InfoPlist.strings in Resources */,
				74E1268915FA0FD60080284B /* Credits.rtf in Resources */,
				74E1268F15FA0FD60080284B /* MainMenu.xib in Resources */,
			);
			runOnlyForDeploymentPostprocessing = 0;
		};
/* End PBXResourcesBuildPhase section */

/* Begin PBXSourcesBuildPhase section */
		74E1267015FA0FD60080284B /* Sources */ = {
			isa = PBXSourcesBuildPhase;
			buildActionMask = 2147483647;
			files = (
				74E1268515FA0FD60080284B /* main.m in Sources */,
				74E1268C15FA0FD60080284B /* DKAppDelegate.m in Sources */,
				74E1269715FA13F80080284B /* DKModel.m in Sources */,
			);
			runOnlyForDeploymentPostprocessing = 0;
		};
/* End PBXSourcesBuildPhase section */

/* Begin PBXVariantGroup section */
		74E1268115FA0FD60080284B /* InfoPlist.strings */ = {
			isa = PBXVariantGroup;
			children = (
				74E1268215FA0FD60080284B /* en */,
			);
			name = InfoPlist.strings;
			sourceTree = "<group>";
		};
		74E1268715FA0FD60080284B /* Credits.rtf */ = {
			isa = PBXVariantGroup;
			children = (
				74E1268815FA0FD60080284B /* en */,
			);
			name = Credits.rtf;
			sourceTree = "<group>";
		};
		74E1268D15FA0FD60080284B /* MainMenu.xib */ = {
			isa = PBXVariantGroup;
			children = (
				74E1268E15FA0FD60080284B /* en */,
			);
			name = MainMenu.xib;
			sourceTree = "<group>";
		};
/* End PBXVariantGroup section */

/* Begin XCBuildConfiguration section */
		74E1269015FA0FD60080284B /* Debug */ = {
			isa = XCBuildConfiguration;
			buildSettings = {
				ALWAYS_SEARCH_USER_PATHS = NO;
				ARCHS = "$(ARCHS_STANDARD_64_BIT)";
				CLANG_CXX_LANGUAGE_STANDARD = "gnu++0x";
				CLANG_ENABLE_OBJC_ARC = YES;
				CLANG_WARN__DUPLICATE_METHOD_MATCH = YES;
				COPY_PHASE_STRIP = NO;
				GCC_C_LANGUAGE_STANDARD = gnu99;
				GCC_DYNAMIC_NO_PIC = NO;
				GCC_ENABLE_OBJC_EXCEPTIONS = YES;
				GCC_OPTIMIZATION_LEVEL = 0;
				GCC_PREPROCESSOR_DEFINITIONS = (
					"DEBUG=1",
					"$(inherited)",
				);
				GCC_SYMBOLS_PRIVATE_EXTERN = NO;
				GCC_WARN_64_TO_32_BIT_CONVERSION = YES;
				GCC_WARN_ABOUT_RETURN_TYPE = YES;
				GCC_WARN_UNINITIALIZED_AUTOS = YES;
				GCC_WARN_UNUSED_VARIABLE = YES;
				MACOSX_DEPLOYMENT_TARGET = 10.7;
				ONLY_ACTIVE_ARCH = YES;
				SDKROOT = macosx;
			};
			name = Debug;
		};
		74E1269115FA0FD60080284B /* Release */ = {
			isa = XCBuildConfiguration;
			buildSettings = {
				ALWAYS_SEARCH_USER_PATHS = NO;
				ARCHS = "$(ARCHS_STANDARD_64_BIT)";
				CLANG_CXX_LANGUAGE_STANDARD = "gnu++0x";
				CLANG_ENABLE_OBJC_ARC = YES;
				CLANG_WARN__DUPLICATE_METHOD_MATCH = YES;
				COPY_PHASE_STRIP = YES;
				DEBUG_INFORMATION_FORMAT = "dwarf-with-dsym";
				GCC_C_LANGUAGE_STANDARD = gnu99;
				GCC_ENABLE_OBJC_EXCEPTIONS = YES;
				GCC_WARN_64_TO_32_BIT_CONVERSION = YES;
				GCC_WARN_ABOUT_RETURN_TYPE = YES;
				GCC_WARN_UNINITIALIZED_AUTOS = YES;
				GCC_WARN_UNUSED_VARIABLE = YES;
				MACOSX_DEPLOYMENT_TARGET = 10.7;
				SDKROOT = macosx;
			};
			name = Release;
		};
		74E1269315FA0FD60080284B /* Debug */ = {
			isa = XCBuildConfiguration;
			buildSettings = {
				COMBINE_HIDPI_IMAGES = YES;
				GCC_PRECOMPILE_PREFIX_HEADER = YES;
				GCC_PREFIX_HEADER = "NSLogKiller/NSLogKiller-Prefix.pch";
				INFOPLIST_FILE = "NSLogKiller/NSLogKiller-Info.plist";
				PRODUCT_NAME = "$(TARGET_NAME)";
				WRAPPER_EXTENSION = app;
			};
			name = Debug;
		};
		74E1269415FA0FD60080284B /* Release */ = {
			isa = XCBuildConfiguration;
			buildSettings = {
				COMBINE_HIDPI_IMAGES = YES;
				GCC_PRECOMPILE_PREFIX_HEADER = YES;
				GCC_PREFIX_HEADER = "NSLogKiller/NSLogKiller-Prefix.pch";
				INFOPLIST_FILE = "NSLogKiller/NSLogKiller-Info.plist";
				PRODUCT_NAME = "$(TARGET_NAME)";
				WRAPPER_EXTENSION = app;
			};
			name = Release;
		};
/* End XCBuildConfiguration section */

/* Begin XCConfigurationList section */
		74E1266E15FA0FD60080284B /* Build configuration list for PBXProject "NSLogKiller" */ = {
			isa = XCConfigurationList;
			buildConfigurations = (
				74E1269015FA0FD60080284B /* Debug */,
				74E1269115FA0FD60080284B /* Release */,
			);
			defaultConfigurationIsVisible = 0;
			defaultConfigurationName = Release;
		};
		74E1269215FA0FD60080284B /* Build configuration list for PBXNativeTarget "NSLogKiller" */ = {
			isa = XCConfigurationList;
			buildConfigurations = (
				74E1269315FA0FD60080284B /* Debug */,
				74E1269415FA0FD60080284B /* Release */,
			);
			defaultConfigurationIsVisible = 0;
		};
/* End XCConfigurationList section */
	};
	rootObject = 74E1266B15FA0FD60080284B /* Project object */;
}
